// !$*UTF8*$!
{
	archiveVersion = 1;
	classes = {
	};
	objectVersion = 56;
	objects = {

/* Begin PBXBuildFile section */
		D84AEEC72CCE683900CDFF94 /* TextView.swift in Sources */ = {isa = PBXBuildFile; fileRef = D84AEEC62CCE683900CDFF94 /* TextView.swift */; };
		D84AEEC92CCE747600CDFF94 /* DataItemModel.swift in Sources */ = {isa = PBXBuildFile; fileRef = D84AEEC82CCE747600CDFF94 /* DataItemModel.swift */; };
		D84C682E2CCFC98200F56D89 /* TitleView.swift in Sources */ = {isa = PBXBuildFile; fileRef = D84C682D2CCFC98200F56D89 /* TitleView.swift */; };
		D84C68302CCFCBA500F56D89 /* MessagesView.swift in Sources */ = {isa = PBXBuildFile; fileRef = D84C682F2CCFCBA500F56D89 /* MessagesView.swift */; };
		D84C68322CCFD1B500F56D89 /* BackgroundView.swift in Sources */ = {isa = PBXBuildFile; fileRef = D84C68312CCFD1B500F56D89 /* BackgroundView.swift */; };
		D853CBE72CD8F89100BD21AA /* LanguageOptionsView.swift in Sources */ = {isa = PBXBuildFile; fileRef = D853CBE62CD8F89100BD21AA /* LanguageOptionsView.swift */; };
		D853CBE92CD8FA7300BD21AA /* Constants.swift in Sources */ = {isa = PBXBuildFile; fileRef = D853CBE82CD8FA7300BD21AA /* Constants.swift */; };
		D88483D02CD7B89800869ADD /* MainView.swift in Sources */ = {isa = PBXBuildFile; fileRef = D88483CF2CD7B89800869ADD /* MainView.swift */; };
		D88ABCC82CD3C3E300C09CED /* Launch Screen.storyboard in Resources */ = {isa = PBXBuildFile; fileRef = D88ABCC72CD3C3E300C09CED /* Launch Screen.storyboard */; };
		D88ABCCA2CD3C71D00C09CED /* Greetings.png in Resources */ = {isa = PBXBuildFile; fileRef = D88ABCC92CD3C71D00C09CED /* Greetings.png */; };
		D8A50ADA2CCBBCF900A48AFE /* GreetingsApp.swift in Sources */ = {isa = PBXBuildFile; fileRef = D8A50AD92CCBBCF900A48AFE /* GreetingsApp.swift */; };
		D8A50ADC2CCBBCF900A48AFE /* GreetingsView.swift in Sources */ = {isa = PBXBuildFile; fileRef = D8A50ADB2CCBBCF900A48AFE /* GreetingsView.swift */; };
		D8A50ADE2CCBBCFC00A48AFE /* Assets.xcassets in Resources */ = {isa = PBXBuildFile; fileRef = D8A50ADD2CCBBCFC00A48AFE /* Assets.xcassets */; };
		D8A50AE22CCBBCFC00A48AFE /* Preview Assets.xcassets in Resources */ = {isa = PBXBuildFile; fileRef = D8A50AE12CCBBCFC00A48AFE /* Preview Assets.xcassets */; };
		D8BE92782CD6681F006D96A8 /* LandscapeGreetingsView.swift in Sources */ = {isa = PBXBuildFile; fileRef = D8BE92772CD6681F006D96A8 /* LandscapeGreetingsView.swift */; };
		D8BE927A2CD66B4A006D96A8 /* GreetingsTextView.swift in Sources */ = {isa = PBXBuildFile; fileRef = D8BE92792CD66B4A006D96A8 /* GreetingsTextView.swift */; };
		D8BE927C2CD672D1006D96A8 /* RotatableCircleView.swift in Sources */ = {isa = PBXBuildFile; fileRef = D8BE927B2CD672D1006D96A8 /* RotatableCircleView.swift */; };
		D8BE927E2CD6774E006D96A8 /* VerticalTitleView.swift in Sources */ = {isa = PBXBuildFile; fileRef = D8BE927D2CD6774E006D96A8 /* VerticalTitleView.swift */; };
		D8F159B32CD50DEB0013374B /* Localizable.xcstrings in Resources */ = {isa = PBXBuildFile; fileRef = D8F159B22CD50DEB0013374B /* Localizable.xcstrings */; };
/* End PBXBuildFile section */

/* Begin PBXFileReference section */
		D84AEEC62CCE683900CDFF94 /* TextView.swift */ = {isa = PBXFileReference; lastKnownFileType = sourcecode.swift; path = TextView.swift; sourceTree = "<group>"; };
		D84AEEC82CCE747600CDFF94 /* DataItemModel.swift */ = {isa = PBXFileReference; lastKnownFileType = sourcecode.swift; path = DataItemModel.swift; sourceTree = "<group>"; };
		D84C682D2CCFC98200F56D89 /* TitleView.swift */ = {isa = PBXFileReference; lastKnownFileType = sourcecode.swift; path = TitleView.swift; sourceTree = "<group>"; };
		D84C682F2CCFCBA500F56D89 /* MessagesView.swift */ = {isa = PBXFileReference; lastKnownFileType = sourcecode.swift; path = MessagesView.swift; sourceTree = "<group>"; };
		D84C68312CCFD1B500F56D89 /* BackgroundView.swift */ = {isa = PBXFileReference; lastKnownFileType = sourcecode.swift; path = BackgroundView.swift; sourceTree = "<group>"; };
		D853CBE62CD8F89100BD21AA /* LanguageOptionsView.swift */ = {isa = PBXFileReference; lastKnownFileType = sourcecode.swift; path = LanguageOptionsView.swift; sourceTree = "<group>"; };
		D853CBE82CD8FA7300BD21AA /* Constants.swift */ = {isa = PBXFileReference; lastKnownFileType = sourcecode.swift; path = Constants.swift; sourceTree = "<group>"; };
		D88483CF2CD7B89800869ADD /* MainView.swift */ = {isa = PBXFileReference; lastKnownFileType = sourcecode.swift; path = MainView.swift; sourceTree = "<group>"; };
		D88ABCC72CD3C3E300C09CED /* Launch Screen.storyboard */ = {isa = PBXFileReference; lastKnownFileType = file.storyboard; path = "Launch Screen.storyboard"; sourceTree = "<group>"; };
		D88ABCC92CD3C71D00C09CED /* Greetings.png */ = {isa = PBXFileReference; lastKnownFileType = image.png; path = Greetings.png; sourceTree = "<group>"; };
		D8A50AD62CCBBCF900A48AFE /* Greetings.app */ = {isa = PBXFileReference; explicitFileType = wrapper.application; includeInIndex = 0; path = Greetings.app; sourceTree = BUILT_PRODUCTS_DIR; };
		D8A50AD92CCBBCF900A48AFE /* GreetingsApp.swift */ = {isa = PBXFileReference; lastKnownFileType = sourcecode.swift; path = GreetingsApp.swift; sourceTree = "<group>"; };
		D8A50ADB2CCBBCF900A48AFE /* GreetingsView.swift */ = {isa = PBXFileReference; lastKnownFileType = sourcecode.swift; path = GreetingsView.swift; sourceTree = "<group>"; };
		D8A50ADD2CCBBCFC00A48AFE /* Assets.xcassets */ = {isa = PBXFileReference; lastKnownFileType = folder.assetcatalog; path = Assets.xcassets; sourceTree = "<group>"; };
		D8A50ADF2CCBBCFC00A48AFE /* Greetings.entitlements */ = {isa = PBXFileReference; lastKnownFileType = text.plist.entitlements; path = Greetings.entitlements; sourceTree = "<group>"; };
		D8A50AE12CCBBCFC00A48AFE /* Preview Assets.xcassets */ = {isa = PBXFileReference; lastKnownFileType = folder.assetcatalog; path = "Preview Assets.xcassets"; sourceTree = "<group>"; };
		D8BE92772CD6681F006D96A8 /* LandscapeGreetingsView.swift */ = {isa = PBXFileReference; lastKnownFileType = sourcecode.swift; path = LandscapeGreetingsView.swift; sourceTree = "<group>"; };
		D8BE92792CD66B4A006D96A8 /* GreetingsTextView.swift */ = {isa = PBXFileReference; lastKnownFileType = sourcecode.swift; path = GreetingsTextView.swift; sourceTree = "<group>"; };
		D8BE927B2CD672D1006D96A8 /* RotatableCircleView.swift */ = {isa = PBXFileReference; lastKnownFileType = sourcecode.swift; path = RotatableCircleView.swift; sourceTree = "<group>"; };
		D8BE927D2CD6774E006D96A8 /* VerticalTitleView.swift */ = {isa = PBXFileReference; lastKnownFileType = sourcecode.swift; path = VerticalTitleView.swift; sourceTree = "<group>"; };
		D8F159B22CD50DEB0013374B /* Localizable.xcstrings */ = {isa = PBXFileReference; lastKnownFileType = text.json.xcstrings; path = Localizable.xcstrings; sourceTree = "<group>"; };
/* End PBXFileReference section */

/* Begin PBXFrameworksBuildPhase section */
		D8A50AD32CCBBCF800A48AFE /* Frameworks */ = {
			isa = PBXFrameworksBuildPhase;
			buildActionMask = 2147483647;
			files = (
			);
			runOnlyForDeploymentPostprocessing = 0;
		};
/* End PBXFrameworksBuildPhase section */

/* Begin PBXGroup section */
		D8A50ACD2CCBBCF800A48AFE = {
			isa = PBXGroup;
			children = (
				D8A50AD82CCBBCF900A48AFE /* Greetings */,
				D8A50AD72CCBBCF900A48AFE /* Products */,
			);
			sourceTree = "<group>";
		};
		D8A50AD72CCBBCF900A48AFE /* Products */ = {
			isa = PBXGroup;
			children = (
				D8A50AD62CCBBCF900A48AFE /* Greetings.app */,
			);
			name = Products;
			sourceTree = "<group>";
		};
		D8A50AD82CCBBCF900A48AFE /* Greetings */ = {
			isa = PBXGroup;
			children = (
				D8BE92762CD6626A006D96A8 /* Views */,
				D8BE92752CD66237006D96A8 /* Model */,
				D8A50AD92CCBBCF900A48AFE /* GreetingsApp.swift */,
				D8F159B22CD50DEB0013374B /* Localizable.xcstrings */,
				D8A50ADD2CCBBCFC00A48AFE /* Assets.xcassets */,
				D8A50ADF2CCBBCFC00A48AFE /* Greetings.entitlements */,
				D8A50AE02CCBBCFC00A48AFE /* Preview Content */,
				D88ABCC72CD3C3E300C09CED /* Launch Screen.storyboard */,
				D88ABCC92CD3C71D00C09CED /* Greetings.png */,
				D853CBE82CD8FA7300BD21AA /* Constants.swift */,
			);
			path = Greetings;
			sourceTree = "<group>";
		};
		D8A50AE02CCBBCFC00A48AFE /* Preview Content */ = {
			isa = PBXGroup;
			children = (
				D8A50AE12CCBBCFC00A48AFE /* Preview Assets.xcassets */,
			);
			path = "Preview Content";
			sourceTree = "<group>";
		};
		D8BE92752CD66237006D96A8 /* Model */ = {
			isa = PBXGroup;
			children = (
				D84AEEC82CCE747600CDFF94 /* DataItemModel.swift */,
			);
			path = Model;
			sourceTree = "<group>";
		};
		D8BE92762CD6626A006D96A8 /* Views */ = {
			isa = PBXGroup;
			children = (
				D8A50ADB2CCBBCF900A48AFE /* GreetingsView.swift */,
				D84AEEC62CCE683900CDFF94 /* TextView.swift */,
				D84C682D2CCFC98200F56D89 /* TitleView.swift */,
				D84C682F2CCFCBA500F56D89 /* MessagesView.swift */,
				D84C68312CCFD1B500F56D89 /* BackgroundView.swift */,
				D8BE92772CD6681F006D96A8 /* LandscapeGreetingsView.swift */,
				D8BE92792CD66B4A006D96A8 /* GreetingsTextView.swift */,
				D8BE927B2CD672D1006D96A8 /* RotatableCircleView.swift */,
				D8BE927D2CD6774E006D96A8 /* VerticalTitleView.swift */,
				D88483CF2CD7B89800869ADD /* MainView.swift */,
				D853CBE62CD8F89100BD21AA /* LanguageOptionsView.swift */,
			);
			path = Views;
			sourceTree = "<group>";
		};
/* End PBXGroup section */

/* Begin PBXNativeTarget section */
		D8A50AD52CCBBCF800A48AFE /* Greetings */ = {
			isa = PBXNativeTarget;
			buildConfigurationList = D8A50AE52CCBBCFC00A48AFE /* Build configuration list for PBXNativeTarget "Greetings" */;
			buildPhases = (
				D8A50AD22CCBBCF800A48AFE /* Sources */,
				D8A50AD32CCBBCF800A48AFE /* Frameworks */,
				D8A50AD42CCBBCF800A48AFE /* Resources */,
			);
			buildRules = (
			);
			dependencies = (
			);
			name = Greetings;
			productName = Greetings;
			productReference = D8A50AD62CCBBCF900A48AFE /* Greetings.app */;
			productType = "com.apple.product-type.application";
		};
/* End PBXNativeTarget section */

/* Begin PBXProject section */
		D8A50ACE2CCBBCF800A48AFE /* Project object */ = {
			isa = PBXProject;
			attributes = {
				BuildIndependentTargetsInParallel = 1;
				LastSwiftUpdateCheck = 1540;
				LastUpgradeCheck = 1610;
				TargetAttributes = {
					D8A50AD52CCBBCF800A48AFE = {
						CreatedOnToolsVersion = 15.4;
					};
				};
			};
			buildConfigurationList = D8A50AD12CCBBCF800A48AFE /* Build configuration list for PBXProject "Greetings" */;
			compatibilityVersion = "Xcode 14.0";
			developmentRegion = en;
			hasScannedForEncodings = 0;
			knownRegions = (
				en,
				Base,
				es,
				he,
				ar,
			);
			mainGroup = D8A50ACD2CCBBCF800A48AFE;
			productRefGroup = D8A50AD72CCBBCF900A48AFE /* Products */;
			projectDirPath = "";
			projectRoot = "";
			targets = (
				D8A50AD52CCBBCF800A48AFE /* Greetings */,
			);
		};
/* End PBXProject section */

/* Begin PBXResourcesBuildPhase section */
		D8A50AD42CCBBCF800A48AFE /* Resources */ = {
			isa = PBXResourcesBuildPhase;
			buildActionMask = 2147483647;
			files = (
				D88ABCC82CD3C3E300C09CED /* Launch Screen.storyboard in Resources */,
				D8F159B32CD50DEB0013374B /* Localizable.xcstrings in Resources */,
				D8A50AE22CCBBCFC00A48AFE /* Preview Assets.xcassets in Resources */,
				D88ABCCA2CD3C71D00C09CED /* Greetings.png in Resources */,
				D8A50ADE2CCBBCFC00A48AFE /* Assets.xcassets in Resources */,
			);
			runOnlyForDeploymentPostprocessing = 0;
		};
/* End PBXResourcesBuildPhase section */

/* Begin PBXSourcesBuildPhase section */
		D8A50AD22CCBBCF800A48AFE /* Sources */ = {
			isa = PBXSourcesBuildPhase;
			buildActionMask = 2147483647;
			files = (
				D84AEEC92CCE747600CDFF94 /* DataItemModel.swift in Sources */,
				D88483D02CD7B89800869ADD /* MainView.swift in Sources */,
				D84AEEC72CCE683900CDFF94 /* TextView.swift in Sources */,
				D8BE927A2CD66B4A006D96A8 /* GreetingsTextView.swift in Sources */,
				D8BE927C2CD672D1006D96A8 /* RotatableCircleView.swift in Sources */,
				D84C68302CCFCBA500F56D89 /* MessagesView.swift in Sources */,
				D84C68322CCFD1B500F56D89 /* BackgroundView.swift in Sources */,
				D8A50ADC2CCBBCF900A48AFE /* GreetingsView.swift in Sources */,
				D8BE92782CD6681F006D96A8 /* LandscapeGreetingsView.swift in Sources */,
				D853CBE72CD8F89100BD21AA /* LanguageOptionsView.swift in Sources */,
				D8A50ADA2CCBBCF900A48AFE /* GreetingsApp.swift in Sources */,
				D853CBE92CD8FA7300BD21AA /* Constants.swift in Sources */,
				D8BE927E2CD6774E006D96A8 /* VerticalTitleView.swift in Sources */,
				D84C682E2CCFC98200F56D89 /* TitleView.swift in Sources */,
			);
			runOnlyForDeploymentPostprocessing = 0;
		};
/* End PBXSourcesBuildPhase section */

/* Begin XCBuildConfiguration section */
		D8A50AE32CCBBCFC00A48AFE /* Debug */ = {
			isa = XCBuildConfiguration;
			buildSettings = {
				ALWAYS_SEARCH_USER_PATHS = NO;
				ASSETCATALOG_COMPILER_GENERATE_SWIFT_ASSET_SYMBOL_EXTENSIONS = YES;
				CLANG_ANALYZER_LOCALIZABILITY_NONLOCALIZED = YES;
				CLANG_ANALYZER_NONNULL = YES;
				CLANG_ANALYZER_NUMBER_OBJECT_CONVERSION = YES_AGGRESSIVE;
				CLANG_CXX_LANGUAGE_STANDARD = "gnu++20";
				CLANG_ENABLE_MODULES = YES;
				CLANG_ENABLE_OBJC_ARC = YES;
				CLANG_ENABLE_OBJC_WEAK = YES;
				CLANG_WARN_BLOCK_CAPTURE_AUTORELEASING = YES;
				CLANG_WARN_BOOL_CONVERSION = YES;
				CLANG_WARN_COMMA = YES;
				CLANG_WARN_CONSTANT_CONVERSION = YES;
				CLANG_WARN_DEPRECATED_OBJC_IMPLEMENTATIONS = YES;
				CLANG_WARN_DIRECT_OBJC_ISA_USAGE = YES_ERROR;
				CLANG_WARN_DOCUMENTATION_COMMENTS = YES;
				CLANG_WARN_EMPTY_BODY = YES;
				CLANG_WARN_ENUM_CONVERSION = YES;
				CLANG_WARN_INFINITE_RECURSION = YES;
				CLANG_WARN_INT_CONVERSION = YES;
				CLANG_WARN_NON_LITERAL_NULL_CONVERSION = YES;
				CLANG_WARN_OBJC_IMPLICIT_RETAIN_SELF = YES;
				CLANG_WARN_OBJC_LITERAL_CONVERSION = YES;
				CLANG_WARN_OBJC_ROOT_CLASS = YES_ERROR;
				CLANG_WARN_QUOTED_INCLUDE_IN_FRAMEWORK_HEADER = YES;
				CLANG_WARN_RANGE_LOOP_ANALYSIS = YES;
				CLANG_WARN_STRICT_PROTOTYPES = YES;
				CLANG_WARN_SUSPICIOUS_MOVE = YES;
				CLANG_WARN_UNGUARDED_AVAILABILITY = YES_AGGRESSIVE;
				CLANG_WARN_UNREACHABLE_CODE = YES;
				CLANG_WARN__DUPLICATE_METHOD_MATCH = YES;
				COPY_PHASE_STRIP = NO;
				DEAD_CODE_STRIPPING = YES;
				DEBUG_INFORMATION_FORMAT = dwarf;
				ENABLE_STRICT_OBJC_MSGSEND = YES;
				ENABLE_TESTABILITY = YES;
				ENABLE_USER_SCRIPT_SANDBOXING = YES;
				GCC_C_LANGUAGE_STANDARD = gnu17;
				GCC_DYNAMIC_NO_PIC = NO;
				GCC_NO_COMMON_BLOCKS = YES;
				GCC_OPTIMIZATION_LEVEL = 0;
				GCC_PREPROCESSOR_DEFINITIONS = (
					"DEBUG=1",
					"$(inherited)",
				);
				GCC_WARN_64_TO_32_BIT_CONVERSION = YES;
				GCC_WARN_ABOUT_RETURN_TYPE = YES_ERROR;
				GCC_WARN_UNDECLARED_SELECTOR = YES;
				GCC_WARN_UNINITIALIZED_AUTOS = YES_AGGRESSIVE;
				GCC_WARN_UNUSED_FUNCTION = YES;
				GCC_WARN_UNUSED_VARIABLE = YES;
				LOCALIZATION_PREFERS_STRING_CATALOGS = YES;
				MTL_ENABLE_DEBUG_INFO = INCLUDE_SOURCE;
				MTL_FAST_MATH = YES;
				ONLY_ACTIVE_ARCH = YES;
				SWIFT_ACTIVE_COMPILATION_CONDITIONS = "DEBUG $(inherited)";
				SWIFT_EMIT_LOC_STRINGS = YES;
				SWIFT_OPTIMIZATION_LEVEL = "-Onone";
			};
			name = Debug;
		};
		D8A50AE42CCBBCFC00A48AFE /* Release */ = {
			isa = XCBuildConfiguration;
			buildSettings = {
				ALWAYS_SEARCH_USER_PATHS = NO;
				ASSETCATALOG_COMPILER_GENERATE_SWIFT_ASSET_SYMBOL_EXTENSIONS = YES;
				CLANG_ANALYZER_LOCALIZABILITY_NONLOCALIZED = YES;
				CLANG_ANALYZER_NONNULL = YES;
				CLANG_ANALYZER_NUMBER_OBJECT_CONVERSION = YES_AGGRESSIVE;
				CLANG_CXX_LANGUAGE_STANDARD = "gnu++20";
				CLANG_ENABLE_MODULES = YES;
				CLANG_ENABLE_OBJC_ARC = YES;
				CLANG_ENABLE_OBJC_WEAK = YES;
				CLANG_WARN_BLOCK_CAPTURE_AUTORELEASING = YES;
				CLANG_WARN_BOOL_CONVERSION = YES;
				CLANG_WARN_COMMA = YES;
				CLANG_WARN_CONSTANT_CONVERSION = YES;
				CLANG_WARN_DEPRECATED_OBJC_IMPLEMENTATIONS = YES;
				CLANG_WARN_DIRECT_OBJC_ISA_USAGE = YES_ERROR;
				CLANG_WARN_DOCUMENTATION_COMMENTS = YES;
				CLANG_WARN_EMPTY_BODY = YES;
				CLANG_WARN_ENUM_CONVERSION = YES;
				CLANG_WARN_INFINITE_RECURSION = YES;
				CLANG_WARN_INT_CONVERSION = YES;
				CLANG_WARN_NON_LITERAL_NULL_CONVERSION = YES;
				CLANG_WARN_OBJC_IMPLICIT_RETAIN_SELF = YES;
				CLANG_WARN_OBJC_LITERAL_CONVERSION = YES;
				CLANG_WARN_OBJC_ROOT_CLASS = YES_ERROR;
				CLANG_WARN_QUOTED_INCLUDE_IN_FRAMEWORK_HEADER = YES;
				CLANG_WARN_RANGE_LOOP_ANALYSIS = YES;
				CLANG_WARN_STRICT_PROTOTYPES = YES;
				CLANG_WARN_SUSPICIOUS_MOVE = YES;
				CLANG_WARN_UNGUARDED_AVAILABILITY = YES_AGGRESSIVE;
				CLANG_WARN_UNREACHABLE_CODE = YES;
				CLANG_WARN__DUPLICATE_METHOD_MATCH = YES;
				COPY_PHASE_STRIP = NO;
				DEAD_CODE_STRIPPING = YES;
				DEBUG_INFORMATION_FORMAT = "dwarf-with-dsym";
				ENABLE_NS_ASSERTIONS = NO;
				ENABLE_STRICT_OBJC_MSGSEND = YES;
				ENABLE_USER_SCRIPT_SANDBOXING = YES;
				GCC_C_LANGUAGE_STANDARD = gnu17;
				GCC_NO_COMMON_BLOCKS = YES;
				GCC_WARN_64_TO_32_BIT_CONVERSION = YES;
				GCC_WARN_ABOUT_RETURN_TYPE = YES_ERROR;
				GCC_WARN_UNDECLARED_SELECTOR = YES;
				GCC_WARN_UNINITIALIZED_AUTOS = YES_AGGRESSIVE;
				GCC_WARN_UNUSED_FUNCTION = YES;
				GCC_WARN_UNUSED_VARIABLE = YES;
				LOCALIZATION_PREFERS_STRING_CATALOGS = YES;
				MTL_ENABLE_DEBUG_INFO = NO;
				MTL_FAST_MATH = YES;
				SWIFT_COMPILATION_MODE = wholemodule;
				SWIFT_EMIT_LOC_STRINGS = YES;
			};
			name = Release;
		};
		D8A50AE62CCBBCFC00A48AFE /* Debug */ = {
			isa = XCBuildConfiguration;
			buildSettings = {
				ASSETCATALOG_COMPILER_APPICON_NAME = AppIcon;
				ASSETCATALOG_COMPILER_GLOBAL_ACCENT_COLOR_NAME = AccentColor;
				CODE_SIGN_ENTITLEMENTS = Greetings/Greetings.entitlements;
				CODE_SIGN_STYLE = Automatic;
				CURRENT_PROJECT_VERSION = 1;
				DEAD_CODE_STRIPPING = YES;
				DEVELOPMENT_ASSET_PATHS = "\"Greetings/Preview Content\"";
				ENABLE_PREVIEWS = YES;
				GENERATE_INFOPLIST_FILE = YES;
				"INFOPLIST_KEY_UIApplicationSceneManifest_Generation[sdk=iphoneos*]" = YES;
				"INFOPLIST_KEY_UIApplicationSceneManifest_Generation[sdk=iphonesimulator*]" = YES;
				"INFOPLIST_KEY_UIApplicationSupportsIndirectInputEvents[sdk=iphoneos*]" = YES;
				"INFOPLIST_KEY_UIApplicationSupportsIndirectInputEvents[sdk=iphonesimulator*]" = YES;
				"INFOPLIST_KEY_UILaunchScreen_Generation[sdk=iphoneos*]" = YES;
				"INFOPLIST_KEY_UILaunchScreen_Generation[sdk=iphonesimulator*]" = YES;
				INFOPLIST_KEY_UILaunchStoryboardName = "Launch Screen.storyboard";
				"INFOPLIST_KEY_UIStatusBarStyle[sdk=iphoneos*]" = UIStatusBarStyleDefault;
				"INFOPLIST_KEY_UIStatusBarStyle[sdk=iphonesimulator*]" = UIStatusBarStyleDefault;
				INFOPLIST_KEY_UISupportedInterfaceOrientations_iPad = "UIInterfaceOrientationPortrait UIInterfaceOrientationPortraitUpsideDown UIInterfaceOrientationLandscapeLeft UIInterfaceOrientationLandscapeRight";
				INFOPLIST_KEY_UISupportedInterfaceOrientations_iPhone = "UIInterfaceOrientationPortrait UIInterfaceOrientationLandscapeLeft UIInterfaceOrientationLandscapeRight";
				IPHONEOS_DEPLOYMENT_TARGET = 17.5;
				LD_RUNPATH_SEARCH_PATHS = "@executable_path/Frameworks";
				"LD_RUNPATH_SEARCH_PATHS[sdk=macosx*]" = "@executable_path/../Frameworks";
				MACOSX_DEPLOYMENT_TARGET = 14.5;
				MARKETING_VERSION = 1.0;
				PRODUCT_BUNDLE_IDENTIFIER = com.joe3524.Greetings;
				PRODUCT_NAME = "$(TARGET_NAME)";
				SDKROOT = auto;
				SUPPORTED_PLATFORMS = "iphoneos iphonesimulator macosx";
				SWIFT_EMIT_LOC_STRINGS = YES;
				SWIFT_VERSION = 5.0;
				TARGETED_DEVICE_FAMILY = "1,2";
			};
			name = Debug;
		};
		D8A50AE72CCBBCFC00A48AFE /* Release */ = {
			isa = XCBuildConfiguration;
			buildSettings = {
				ASSETCATALOG_COMPILER_APPICON_NAME = AppIcon;
				ASSETCATALOG_COMPILER_GLOBAL_ACCENT_COLOR_NAME = AccentColor;
				CODE_SIGN_ENTITLEMENTS = Greetings/Greetings.entitlements;
				CODE_SIGN_STYLE = Automatic;
				CURRENT_PROJECT_VERSION = 1;
				DEAD_CODE_STRIPPING = YES;
				DEVELOPMENT_ASSET_PATHS = "\"Greetings/Preview Content\"";
				ENABLE_PREVIEWS = YES;
				GENERATE_INFOPLIST_FILE = YES;
				"INFOPLIST_KEY_UIApplicationSceneManifest_Generation[sdk=iphoneos*]" = YES;
				"INFOPLIST_KEY_UIApplicationSceneManifest_Generation[sdk=iphonesimulator*]" = YES;
				"INFOPLIST_KEY_UIApplicationSupportsIndirectInputEvents[sdk=iphoneos*]" = YES;
				"INFOPLIST_KEY_UIApplicationSupportsIndirectInputEvents[sdk=iphonesimulator*]" = YES;
				"INFOPLIST_KEY_UILaunchScreen_Generation[sdk=iphoneos*]" = YES;
				"INFOPLIST_KEY_UILaunchScreen_Generation[sdk=iphonesimulator*]" = YES;
				INFOPLIST_KEY_UILaunchStoryboardName = "Launch Screen.storyboard";
				"INFOPLIST_KEY_UIStatusBarStyle[sdk=iphoneos*]" = UIStatusBarStyleDefault;
				"INFOPLIST_KEY_UIStatusBarStyle[sdk=iphonesimulator*]" = UIStatusBarStyleDefault;
				INFOPLIST_KEY_UISupportedInterfaceOrientations_iPad = "UIInterfaceOrientationPortrait UIInterfaceOrientationPortraitUpsideDown UIInterfaceOrientationLandscapeLeft UIInterfaceOrientationLandscapeRight";
				INFOPLIST_KEY_UISupportedInterfaceOrientations_iPhone = "UIInterfaceOrientationPortrait UIInterfaceOrientationLandscapeLeft UIInterfaceOrientationLandscapeRight";
				IPHONEOS_DEPLOYMENT_TARGET = 17.5;
				LD_RUNPATH_SEARCH_PATHS = "@executable_path/Frameworks";
				"LD_RUNPATH_SEARCH_PATHS[sdk=macosx*]" = "@executable_path/../Frameworks";
				MACOSX_DEPLOYMENT_TARGET = 14.5;
				MARKETING_VERSION = 1.0;
				PRODUCT_BUNDLE_IDENTIFIER = com.joe3524.Greetings;
				PRODUCT_NAME = "$(TARGET_NAME)";
				SDKROOT = auto;
				SUPPORTED_PLATFORMS = "iphoneos iphonesimulator macosx";
				SWIFT_EMIT_LOC_STRINGS = YES;
				SWIFT_VERSION = 5.0;
				TARGETED_DEVICE_FAMILY = "1,2";
			};
			name = Release;
		};
/* End XCBuildConfiguration section */

/* Begin XCConfigurationList section */
		D8A50AD12CCBBCF800A48AFE /* Build configuration list for PBXProject "Greetings" */ = {
			isa = XCConfigurationList;
			buildConfigurations = (
				D8A50AE32CCBBCFC00A48AFE /* Debug */,
				D8A50AE42CCBBCFC00A48AFE /* Release */,
			);
			defaultConfigurationIsVisible = 0;
			defaultConfigurationName = Release;
		};
		D8A50AE52CCBBCFC00A48AFE /* Build configuration list for PBXNativeTarget "Greetings" */ = {
			isa = XCConfigurationList;
			buildConfigurations = (
				D8A50AE62CCBBCFC00A48AFE /* Debug */,
				D8A50AE72CCBBCFC00A48AFE /* Release */,
			);
			defaultConfigurationIsVisible = 0;
			defaultConfigurationName = Release;
		};
/* End XCConfigurationList section */
	};
	rootObject = D8A50ACE2CCBBCF800A48AFE /* Project object */;
}
